
Microsoft Visual Studio Solution File, Format Version 12.00
# Visual Studio Version 17
VisualStudioVersion = 17.9.34723.18
MinimumVisualStudioVersion = 10.0.40219.1
Project("{FAE04EC0-301F-11D3-BF4B-00C04F79EFBC}") = "AttGastoFunc", "AttGastoFunc\AttGastoFunc.csproj", "{F2349134-B65D-4AC4-A72D-07F3BCFFFE8E}"
EndProject
Project("{FAE04EC0-301F-11D3-BF4B-00C04F79EFBC}") = "FuncTest", "FuncTest\FuncTest.csproj", "{C3931E0D-D90F-45B3-8C9D-D24C1D3568B8}"
EndProject
Global
	GlobalSection(SolutionConfigurationPlatforms) = preSolution
		Debug|Any CPU = Debug|Any CPU
		Release|Any CPU = Release|Any CPU
	EndGlobalSection
	GlobalSection(ProjectConfigurationPlatforms) = postSolution
		{F2349134-B65D-4AC4-A72D-07F3BCFFFE8E}.Debug|Any CPU.ActiveCfg = Debug|Any CPU
		{F2349134-B65D-4AC4-A72D-07F3BCFFFE8E}.Debug|Any CPU.Build.0 = Debug|Any CPU
		{F2349134-B65D-4AC4-A72D-07F3BCFFFE8E}.Release|Any CPU.ActiveCfg = Release|Any CPU
		{F2349134-B65D-4AC4-A72D-07F3BCFFFE8E}.Release|Any CPU.Build.0 = Release|Any CPU
		{C3931E0D-D90F-45B3-8C9D-D24C1D3568B8}.Debug|Any CPU.ActiveCfg = Debug|Any CPU
		{C3931E0D-D90F-45B3-8C9D-D24C1D3568B8}.Debug|Any CPU.Build.0 = Debug|Any CPU
		{C3931E0D-D90F-45B3-8C9D-D24C1D3568B8}.Release|Any CPU.ActiveCfg = Release|Any CPU
		{C3931E0D-D90F-45B3-8C9D-D24C1D3568B8}.Release|Any CPU.Build.0 = Release|Any CPU
	EndGlobalSection
	GlobalSection(SolutionProperties) = preSolution
		HideSolutionNode = FALSE
	EndGlobalSection
	GlobalSection(ExtensibilityGlobals) = postSolution
		SolutionGuid = {1046C306-A666-4BA6-B385-115EE8E168F9}
	EndGlobalSection
EndGlobal
